
Microsoft Visual Studio Solution File, Format Version 12.00
# Visual Studio Version 17
VisualStudioVersion = 17.9.34518.117
MinimumVisualStudioVersion = 10.0.40219.1
Project("{FAE04EC0-301F-11D3-BF4B-00C04F79EFBC}") = "taskentity", "taskentity\taskentity.csproj", "{6B73500E-2B24-4E60-BBC4-3CAC3DAED5D2}"
EndProject
Global
	GlobalSection(SolutionConfigurationPlatforms) = preSolution
		Debug|Any CPU = Debug|Any CPU
		Release|Any CPU = Release|Any CPU
	EndGlobalSection
	GlobalSection(ProjectConfigurationPlatforms) = postSolution
		{6B73500E-2B24-4E60-BBC4-3CAC3DAED5D2}.Debug|Any CPU.ActiveCfg = Debug|Any CPU
		{6B73500E-2B24-4E60-BBC4-3CAC3DAED5D2}.Debug|Any CPU.Build.0 = Debug|Any CPU
		{6B73500E-2B24-4E60-BBC4-3CAC3DAED5D2}.Release|Any CPU.ActiveCfg = Release|Any CPU
		{6B73500E-2B24-4E60-BBC4-3CAC3DAED5D2}.Release|Any CPU.Build.0 = Release|Any CPU
	EndGlobalSection
	GlobalSection(SolutionProperties) = preSolution
		HideSolutionNode = FALSE
	EndGlobalSection
	GlobalSection(ExtensibilityGlobals) = postSolution
		SolutionGuid = {4EFF10A3-2B11-44B7-90D5-222E5281740B}
	EndGlobalSection
EndGlobal
